// !$*UTF8*$!
{
	archiveVersion = 1;
	classes = {
	};
	objectVersion = 50;
	objects = {

/* Begin PBXBuildFile section */
		250E85FD947A728C34AEB60A /* Pods_SapsanApp.framework in Frameworks */ = {isa = PBXBuildFile; fileRef = 8B9D77A9B273E9BDE534BB2C /* Pods_SapsanApp.framework */; };
		C412A72621ABECD600708873 /* BalanceViewController.swift in Sources */ = {isa = PBXBuildFile; fileRef = C412A72521ABECD600708873 /* BalanceViewController.swift */; };
		C420AEC921948E8500E292E3 /* HTTPConnector.swift in Sources */ = {isa = PBXBuildFile; fileRef = C420AEC821948E8500E292E3 /* HTTPConnector.swift */; };
		C44559AF21AABF8600018EA7 /* TransactionTableViewCell.swift in Sources */ = {isa = PBXBuildFile; fileRef = C44559AE21AABF8600018EA7 /* TransactionTableViewCell.swift */; };
		C4C4A06821871CAC0026AA37 /* AppDelegate.swift in Sources */ = {isa = PBXBuildFile; fileRef = C4C4A06721871CAC0026AA37 /* AppDelegate.swift */; };
		C4C4A06D21871CAC0026AA37 /* Main.storyboard in Resources */ = {isa = PBXBuildFile; fileRef = C4C4A06B21871CAC0026AA37 /* Main.storyboard */; };
		C4C4A07221871CAF0026AA37 /* Assets.xcassets in Resources */ = {isa = PBXBuildFile; fileRef = C4C4A07121871CAF0026AA37 /* Assets.xcassets */; };
		C4C4A07521871CAF0026AA37 /* LaunchScreen.storyboard in Resources */ = {isa = PBXBuildFile; fileRef = C4C4A07321871CAF0026AA37 /* LaunchScreen.storyboard */; };
		C4C4A07D218727830026AA37 /* StartViewController.swift in Sources */ = {isa = PBXBuildFile; fileRef = C4C4A07C218727830026AA37 /* StartViewController.swift */; };
		C4C4A07F2187278D0026AA37 /* LoginViewController.swift in Sources */ = {isa = PBXBuildFile; fileRef = C4C4A07E2187278D0026AA37 /* LoginViewController.swift */; };
		C4C4A083218727C10026AA37 /* OrdersViewController.swift in Sources */ = {isa = PBXBuildFile; fileRef = C4C4A082218727C10026AA37 /* OrdersViewController.swift */; };
		C4C4A0852187280D0026AA37 /* SignUpViewController.swift in Sources */ = {isa = PBXBuildFile; fileRef = C4C4A0842187280D0026AA37 /* SignUpViewController.swift */; };
		C4C4A087218728620026AA37 /* RecoverPasswordViewController.swift in Sources */ = {isa = PBXBuildFile; fileRef = C4C4A086218728620026AA37 /* RecoverPasswordViewController.swift */; };
		C4DB32A1218D980100636C1C /* Menu.swift in Sources */ = {isa = PBXBuildFile; fileRef = C4DB32A0218D980100636C1C /* Menu.swift */; };
		C4DB32A3218D998A00636C1C /* SupportViewController.swift in Sources */ = {isa = PBXBuildFile; fileRef = C4DB32A2218D998A00636C1C /* SupportViewController.swift */; };
		C4DBABA021883B1300A6BF05 /* MenuTableViewCell.swift in Sources */ = {isa = PBXBuildFile; fileRef = C4DBAB9F21883B1300A6BF05 /* MenuTableViewCell.swift */; };
		C4DBABA221883B2400A6BF05 /* MenuViewController.swift in Sources */ = {isa = PBXBuildFile; fileRef = C4DBABA121883B2400A6BF05 /* MenuViewController.swift */; };
		C4DBABA421884B7200A6BF05 /* TransactionViewController.swift in Sources */ = {isa = PBXBuildFile; fileRef = C4DBABA321884B7200A6BF05 /* TransactionViewController.swift */; };
		C4DBABA621897A9800A6BF05 /* OrderTableViewCell.swift in Sources */ = {isa = PBXBuildFile; fileRef = C4DBABA521897A9800A6BF05 /* OrderTableViewCell.swift */; };
		C4F3F19E2209CCDC00E64489 /* StartViewModel.swift in Sources */ = {isa = PBXBuildFile; fileRef = C4F3F19D2209CCDC00E64489 /* StartViewModel.swift */; };
		C4F3F1A02209CCF500E64489 /* RecoverPasswordViewModel.swift in Sources */ = {isa = PBXBuildFile; fileRef = C4F3F19F2209CCF500E64489 /* RecoverPasswordViewModel.swift */; };
		C4F3F1A22209CD2400E64489 /* SingUpViewModel.swift in Sources */ = {isa = PBXBuildFile; fileRef = C4F3F1A12209CD2400E64489 /* SingUpViewModel.swift */; };
		C4F3F1A42209CD5200E64489 /* OrdersViewModel.swift in Sources */ = {isa = PBXBuildFile; fileRef = C4F3F1A32209CD5200E64489 /* OrdersViewModel.swift */; };
		C4F3F1A62209CD5F00E64489 /* SupportViewModel.swift in Sources */ = {isa = PBXBuildFile; fileRef = C4F3F1A52209CD5F00E64489 /* SupportViewModel.swift */; };
		C4F3F1A82209CD6900E64489 /* BalanceViewModel.swift in Sources */ = {isa = PBXBuildFile; fileRef = C4F3F1A72209CD6900E64489 /* BalanceViewModel.swift */; };
		C4F3F1AA2209CD7600E64489 /* TransactionViewModel.swift in Sources */ = {isa = PBXBuildFile; fileRef = C4F3F1A92209CD7600E64489 /* TransactionViewModel.swift */; };
		C4F3F1AC2209CD8400E64489 /* MenuViewModel.swift in Sources */ = {isa = PBXBuildFile; fileRef = C4F3F1AB2209CD8400E64489 /* MenuViewModel.swift */; };
		C4F3F1AF2209D00600E64489 /* JSONWorker.swift in Sources */ = {isa = PBXBuildFile; fileRef = C4F3F1AE2209D00600E64489 /* JSONWorker.swift */; };
		C4F3F1B12209D04800E64489 /* OrdersData.swift in Sources */ = {isa = PBXBuildFile; fileRef = C4F3F1B02209D04800E64489 /* OrdersData.swift */; };
		C4F3F1B42209D09100E64489 /* LoginData.swift in Sources */ = {isa = PBXBuildFile; fileRef = C4F3F1B32209D09100E64489 /* LoginData.swift */; };
		C4F3F1B82209D1CB00E64489 /* NetWorker.swift in Sources */ = {isa = PBXBuildFile; fileRef = C4F3F1B72209D1CB00E64489 /* NetWorker.swift */; };
		C4F3F1FF2209D56200E64489 /* Apache License.txt in Resources */ = {isa = PBXBuildFile; fileRef = C4F3F1FE2209D56200E64489 /* Apache License.txt */; };
		C4F3F2002209D68B00E64489 /* Roboto-Black.ttf in Resources */ = {isa = PBXBuildFile; fileRef = C4F3F1F62209D55300E64489 /* Roboto-Black.ttf */; };
		C4F3F2012209D69000E64489 /* Roboto-BlackItalic.ttf in Resources */ = {isa = PBXBuildFile; fileRef = C4F3F1FC2209D55400E64489 /* Roboto-BlackItalic.ttf */; };
		C4F3F2022209D69000E64489 /* Roboto-Bold.ttf in Resources */ = {isa = PBXBuildFile; fileRef = C4F3F1F42209D55300E64489 /* Roboto-Bold.ttf */; };
		C4F3F2032209D69000E64489 /* Roboto-BoldItalic.ttf in Resources */ = {isa = PBXBuildFile; fileRef = C4F3F1F72209D55300E64489 /* Roboto-BoldItalic.ttf */; };
		C4F3F2042209D69000E64489 /* Roboto-Italic.ttf in Resources */ = {isa = PBXBuildFile; fileRef = C4F3F1F52209D55300E64489 /* Roboto-Italic.ttf */; };
		C4F3F2052209D69000E64489 /* Roboto-Light.ttf in Resources */ = {isa = PBXBuildFile; fileRef = C4F3F1F32209D55300E64489 /* Roboto-Light.ttf */; };
		C4F3F2062209D69000E64489 /* Roboto-LightItalic.ttf in Resources */ = {isa = PBXBuildFile; fileRef = C4F3F1FD2209D55400E64489 /* Roboto-LightItalic.ttf */; };
		C4F3F2072209D69000E64489 /* Roboto-Medium.ttf in Resources */ = {isa = PBXBuildFile; fileRef = C4F3F1F82209D55400E64489 /* Roboto-Medium.ttf */; };
		C4F3F2082209D69000E64489 /* Roboto-MediumItalic.ttf in Resources */ = {isa = PBXBuildFile; fileRef = C4F3F1F22209D55300E64489 /* Roboto-MediumItalic.ttf */; };
		C4F3F2092209D69000E64489 /* Roboto-Regular.ttf in Resources */ = {isa = PBXBuildFile; fileRef = C4F3F1F92209D55400E64489 /* Roboto-Regular.ttf */; };
		C4F3F20A2209D69000E64489 /* Roboto-Thin.ttf in Resources */ = {isa = PBXBuildFile; fileRef = C4F3F1FA2209D55400E64489 /* Roboto-Thin.ttf */; };
		C4F3F20B2209D69000E64489 /* Roboto-ThinItalic.ttf in Resources */ = {isa = PBXBuildFile; fileRef = C4F3F1FB2209D55400E64489 /* Roboto-ThinItalic.ttf */; };
		C4F3F20F220B0A8600E64489 /* AlertBuilder.swift in Sources */ = {isa = PBXBuildFile; fileRef = C4F3F20E220B0A8600E64489 /* AlertBuilder.swift */; };
/* End PBXBuildFile section */

/* Begin PBXFileReference section */
		1DDDB39D75A6923FD7394567 /* Pods-SapsanApp.debug.xcconfig */ = {isa = PBXFileReference; includeInIndex = 1; lastKnownFileType = text.xcconfig; name = "Pods-SapsanApp.debug.xcconfig"; path = "Pods/Target Support Files/Pods-SapsanApp/Pods-SapsanApp.debug.xcconfig"; sourceTree = "<group>"; };
		4BB4B5068D8AF2C1C705AF9D /* Pods-SapsanApp.release.xcconfig */ = {isa = PBXFileReference; includeInIndex = 1; lastKnownFileType = text.xcconfig; name = "Pods-SapsanApp.release.xcconfig"; path = "Pods/Target Support Files/Pods-SapsanApp/Pods-SapsanApp.release.xcconfig"; sourceTree = "<group>"; };
		8B9D77A9B273E9BDE534BB2C /* Pods_SapsanApp.framework */ = {isa = PBXFileReference; explicitFileType = wrapper.framework; includeInIndex = 0; path = Pods_SapsanApp.framework; sourceTree = BUILT_PRODUCTS_DIR; };
		C412A72521ABECD600708873 /* BalanceViewController.swift */ = {isa = PBXFileReference; lastKnownFileType = sourcecode.swift; path = BalanceViewController.swift; sourceTree = "<group>"; };
		C420AEC821948E8500E292E3 /* HTTPConnector.swift */ = {isa = PBXFileReference; lastKnownFileType = sourcecode.swift; path = HTTPConnector.swift; sourceTree = "<group>"; };
		C44559AE21AABF8600018EA7 /* TransactionTableViewCell.swift */ = {isa = PBXFileReference; lastKnownFileType = sourcecode.swift; path = TransactionTableViewCell.swift; sourceTree = "<group>"; };
		C4C4A06421871CAC0026AA37 /* SapsanApp.app */ = {isa = PBXFileReference; explicitFileType = wrapper.application; includeInIndex = 0; path = SapsanApp.app; sourceTree = BUILT_PRODUCTS_DIR; };
		C4C4A06721871CAC0026AA37 /* AppDelegate.swift */ = {isa = PBXFileReference; lastKnownFileType = sourcecode.swift; path = AppDelegate.swift; sourceTree = "<group>"; };
		C4C4A06C21871CAC0026AA37 /* Base */ = {isa = PBXFileReference; lastKnownFileType = file.storyboard; name = Base; path = Base.lproj/Main.storyboard; sourceTree = "<group>"; };
		C4C4A07121871CAF0026AA37 /* Assets.xcassets */ = {isa = PBXFileReference; lastKnownFileType = folder.assetcatalog; path = Assets.xcassets; sourceTree = "<group>"; };
		C4C4A07421871CAF0026AA37 /* Base */ = {isa = PBXFileReference; lastKnownFileType = file.storyboard; name = Base; path = Base.lproj/LaunchScreen.storyboard; sourceTree = "<group>"; };
		C4C4A07621871CAF0026AA37 /* Info.plist */ = {isa = PBXFileReference; lastKnownFileType = text.plist.xml; path = Info.plist; sourceTree = "<group>"; };
		C4C4A07C218727830026AA37 /* StartViewController.swift */ = {isa = PBXFileReference; lastKnownFileType = sourcecode.swift; path = StartViewController.swift; sourceTree = "<group>"; };
		C4C4A07E2187278D0026AA37 /* LoginViewController.swift */ = {isa = PBXFileReference; lastKnownFileType = sourcecode.swift; path = LoginViewController.swift; sourceTree = "<group>"; };
		C4C4A082218727C10026AA37 /* OrdersViewController.swift */ = {isa = PBXFileReference; lastKnownFileType = sourcecode.swift; path = OrdersViewController.swift; sourceTree = "<group>"; };
		C4C4A0842187280D0026AA37 /* SignUpViewController.swift */ = {isa = PBXFileReference; lastKnownFileType = sourcecode.swift; path = SignUpViewController.swift; sourceTree = "<group>"; };
		C4C4A086218728620026AA37 /* RecoverPasswordViewController.swift */ = {isa = PBXFileReference; lastKnownFileType = sourcecode.swift; path = RecoverPasswordViewController.swift; sourceTree = "<group>"; };
		C4DB32A0218D980100636C1C /* Menu.swift */ = {isa = PBXFileReference; lastKnownFileType = sourcecode.swift; path = Menu.swift; sourceTree = "<group>"; };
		C4DB32A2218D998A00636C1C /* SupportViewController.swift */ = {isa = PBXFileReference; lastKnownFileType = sourcecode.swift; path = SupportViewController.swift; sourceTree = "<group>"; };
		C4DBAB9F21883B1300A6BF05 /* MenuTableViewCell.swift */ = {isa = PBXFileReference; lastKnownFileType = sourcecode.swift; path = MenuTableViewCell.swift; sourceTree = "<group>"; };
		C4DBABA121883B2400A6BF05 /* MenuViewController.swift */ = {isa = PBXFileReference; lastKnownFileType = sourcecode.swift; path = MenuViewController.swift; sourceTree = "<group>"; };
		C4DBABA321884B7200A6BF05 /* TransactionViewController.swift */ = {isa = PBXFileReference; lastKnownFileType = sourcecode.swift; path = TransactionViewController.swift; sourceTree = "<group>"; };
		C4DBABA521897A9800A6BF05 /* OrderTableViewCell.swift */ = {isa = PBXFileReference; lastKnownFileType = sourcecode.swift; path = OrderTableViewCell.swift; sourceTree = "<group>"; };
		C4F3F19D2209CCDC00E64489 /* StartViewModel.swift */ = {isa = PBXFileReference; lastKnownFileType = sourcecode.swift; path = StartViewModel.swift; sourceTree = "<group>"; };
		C4F3F19F2209CCF500E64489 /* RecoverPasswordViewModel.swift */ = {isa = PBXFileReference; lastKnownFileType = sourcecode.swift; path = RecoverPasswordViewModel.swift; sourceTree = "<group>"; };
		C4F3F1A12209CD2400E64489 /* SingUpViewModel.swift */ = {isa = PBXFileReference; lastKnownFileType = sourcecode.swift; path = SingUpViewModel.swift; sourceTree = "<group>"; };
		C4F3F1A32209CD5200E64489 /* OrdersViewModel.swift */ = {isa = PBXFileReference; lastKnownFileType = sourcecode.swift; path = OrdersViewModel.swift; sourceTree = "<group>"; };
		C4F3F1A52209CD5F00E64489 /* SupportViewModel.swift */ = {isa = PBXFileReference; lastKnownFileType = sourcecode.swift; path = SupportViewModel.swift; sourceTree = "<group>"; };
		C4F3F1A72209CD6900E64489 /* BalanceViewModel.swift */ = {isa = PBXFileReference; lastKnownFileType = sourcecode.swift; path = BalanceViewModel.swift; sourceTree = "<group>"; };
		C4F3F1A92209CD7600E64489 /* TransactionViewModel.swift */ = {isa = PBXFileReference; lastKnownFileType = sourcecode.swift; path = TransactionViewModel.swift; sourceTree = "<group>"; };
		C4F3F1AB2209CD8400E64489 /* MenuViewModel.swift */ = {isa = PBXFileReference; lastKnownFileType = sourcecode.swift; path = MenuViewModel.swift; sourceTree = "<group>"; };
		C4F3F1AE2209D00600E64489 /* JSONWorker.swift */ = {isa = PBXFileReference; lastKnownFileType = sourcecode.swift; path = JSONWorker.swift; sourceTree = "<group>"; };
		C4F3F1B02209D04800E64489 /* OrdersData.swift */ = {isa = PBXFileReference; lastKnownFileType = sourcecode.swift; path = OrdersData.swift; sourceTree = "<group>"; };
		C4F3F1B32209D09100E64489 /* LoginData.swift */ = {isa = PBXFileReference; lastKnownFileType = sourcecode.swift; path = LoginData.swift; sourceTree = "<group>"; };
		C4F3F1B72209D1CB00E64489 /* NetWorker.swift */ = {isa = PBXFileReference; lastKnownFileType = sourcecode.swift; path = NetWorker.swift; sourceTree = "<group>"; };
		C4F3F1F22209D55300E64489 /* Roboto-MediumItalic.ttf */ = {isa = PBXFileReference; lastKnownFileType = file; name = "Roboto-MediumItalic.ttf"; path = "../../../../.Trash/Roboto-MediumItalic.ttf"; sourceTree = "<group>"; };
		C4F3F1F32209D55300E64489 /* Roboto-Light.ttf */ = {isa = PBXFileReference; lastKnownFileType = file; name = "Roboto-Light.ttf"; path = "../../../../.Trash/Roboto-Light.ttf"; sourceTree = "<group>"; };
		C4F3F1F42209D55300E64489 /* Roboto-Bold.ttf */ = {isa = PBXFileReference; lastKnownFileType = file; name = "Roboto-Bold.ttf"; path = "../../../../.Trash/Roboto-Bold.ttf"; sourceTree = "<group>"; };
		C4F3F1F52209D55300E64489 /* Roboto-Italic.ttf */ = {isa = PBXFileReference; lastKnownFileType = file; name = "Roboto-Italic.ttf"; path = "../../../../.Trash/Roboto-Italic.ttf"; sourceTree = "<group>"; };
		C4F3F1F62209D55300E64489 /* Roboto-Black.ttf */ = {isa = PBXFileReference; lastKnownFileType = file; name = "Roboto-Black.ttf"; path = "../../../../.Trash/Roboto-Black.ttf"; sourceTree = "<group>"; };
		C4F3F1F72209D55300E64489 /* Roboto-BoldItalic.ttf */ = {isa = PBXFileReference; lastKnownFileType = file; name = "Roboto-BoldItalic.ttf"; path = "../../../../.Trash/Roboto-BoldItalic.ttf"; sourceTree = "<group>"; };
		C4F3F1F82209D55400E64489 /* Roboto-Medium.ttf */ = {isa = PBXFileReference; lastKnownFileType = file; name = "Roboto-Medium.ttf"; path = "../../../../.Trash/Roboto-Medium.ttf"; sourceTree = "<group>"; };
		C4F3F1F92209D55400E64489 /* Roboto-Regular.ttf */ = {isa = PBXFileReference; lastKnownFileType = file; name = "Roboto-Regular.ttf"; path = "../../../../.Trash/Roboto-Regular.ttf"; sourceTree = "<group>"; };
		C4F3F1FA2209D55400E64489 /* Roboto-Thin.ttf */ = {isa = PBXFileReference; lastKnownFileType = file; name = "Roboto-Thin.ttf"; path = "../../../../.Trash/Roboto-Thin.ttf"; sourceTree = "<group>"; };
		C4F3F1FB2209D55400E64489 /* Roboto-ThinItalic.ttf */ = {isa = PBXFileReference; lastKnownFileType = file; name = "Roboto-ThinItalic.ttf"; path = "../../../../.Trash/Roboto-ThinItalic.ttf"; sourceTree = "<group>"; };
		C4F3F1FC2209D55400E64489 /* Roboto-BlackItalic.ttf */ = {isa = PBXFileReference; lastKnownFileType = file; name = "Roboto-BlackItalic.ttf"; path = "../../../../.Trash/Roboto-BlackItalic.ttf"; sourceTree = "<group>"; };
		C4F3F1FD2209D55400E64489 /* Roboto-LightItalic.ttf */ = {isa = PBXFileReference; lastKnownFileType = file; name = "Roboto-LightItalic.ttf"; path = "../../../../.Trash/Roboto-LightItalic.ttf"; sourceTree = "<group>"; };
		C4F3F1FE2209D56200E64489 /* Apache License.txt */ = {isa = PBXFileReference; fileEncoding = 4; lastKnownFileType = text; name = "Apache License.txt"; path = "../../../../.Trash/roboto/Apache License.txt"; sourceTree = "<group>"; };
		C4F3F20E220B0A8600E64489 /* AlertBuilder.swift */ = {isa = PBXFileReference; lastKnownFileType = sourcecode.swift; path = AlertBuilder.swift; sourceTree = "<group>"; };
/* End PBXFileReference section */

/* Begin PBXFrameworksBuildPhase section */
		C4C4A06121871CAC0026AA37 /* Frameworks */ = {
			isa = PBXFrameworksBuildPhase;
			buildActionMask = 2147483647;
			files = (
				250E85FD947A728C34AEB60A /* Pods_SapsanApp.framework in Frameworks */,
			);
			runOnlyForDeploymentPostprocessing = 0;
		};
/* End PBXFrameworksBuildPhase section */

/* Begin PBXGroup section */
		674FACD0B938B84260E596A5 /* Frameworks */ = {
			isa = PBXGroup;
			children = (
				8B9D77A9B273E9BDE534BB2C /* Pods_SapsanApp.framework */,
			);
			name = Frameworks;
			sourceTree = "<group>";
		};
		C4C4A05B21871CAC0026AA37 = {
			isa = PBXGroup;
			children = (
				C4C4A06621871CAC0026AA37 /* SapsanApp */,
				C4C4A06521871CAC0026AA37 /* Products */,
				D65492943D87A483029CBF72 /* Pods */,
				674FACD0B938B84260E596A5 /* Frameworks */,
			);
			sourceTree = "<group>";
		};
		C4C4A06521871CAC0026AA37 /* Products */ = {
			isa = PBXGroup;
			children = (
				C4C4A06421871CAC0026AA37 /* SapsanApp.app */,
			);
			name = Products;
			sourceTree = "<group>";
		};
		C4C4A06621871CAC0026AA37 /* SapsanApp */ = {
			isa = PBXGroup;
			children = (
				C4C4A06B21871CAC0026AA37 /* Main.storyboard */,
				C4C4A06721871CAC0026AA37 /* AppDelegate.swift */,
				C4F3F1982209C5BC00E64489 /* ViewControllers */,
				C4F3F19C2209CCB700E64489 /* ViewModels */,
				C4F3F19A2209C5F600E64489 /* Model */,
				C4F3F1BC2209D4C800E64489 /* Services */,
				C4C4A07121871CAF0026AA37 /* Assets.xcassets */,
				C4C4A07321871CAF0026AA37 /* LaunchScreen.storyboard */,
				C4C4A07621871CAF0026AA37 /* Info.plist */,
				C4F3F1F12209D52B00E64489 /* Roboto */,
			);
			path = SapsanApp;
			sourceTree = "<group>";
		};
		C4F3F1982209C5BC00E64489 /* ViewControllers */ = {
			isa = PBXGroup;
			children = (
				C4DB32A0218D980100636C1C /* Menu.swift */,
				C4C4A07C218727830026AA37 /* StartViewController.swift */,
				C4C4A0842187280D0026AA37 /* SignUpViewController.swift */,
				C4C4A082218727C10026AA37 /* OrdersViewController.swift */,
				C4DB32A2218D998A00636C1C /* SupportViewController.swift */,
				C412A72521ABECD600708873 /* BalanceViewController.swift */,
				C4DBABA321884B7200A6BF05 /* TransactionViewController.swift */,
				C4DBABA121883B2400A6BF05 /* MenuViewController.swift */,
				C4C4A07E2187278D0026AA37 /* LoginViewController.swift */,
				C4C4A086218728620026AA37 /* RecoverPasswordViewController.swift */,
				C4F3F1992209C5D200E64489 /* Cells */,
			);
			name = ViewControllers;
			sourceTree = "<group>";
		};
		C4F3F1992209C5D200E64489 /* Cells */ = {
			isa = PBXGroup;
			children = (
				C4DBAB9F21883B1300A6BF05 /* MenuTableViewCell.swift */,
				C4DBABA521897A9800A6BF05 /* OrderTableViewCell.swift */,
				C44559AE21AABF8600018EA7 /* TransactionTableViewCell.swift */,
			);
			name = Cells;
			sourceTree = "<group>";
		};
		C4F3F19A2209C5F600E64489 /* Model */ = {
			isa = PBXGroup;
			children = (
				C4F3F1B02209D04800E64489 /* OrdersData.swift */,
				C4F3F1B32209D09100E64489 /* LoginData.swift */,
			);
			name = Model;
			sourceTree = "<group>";
		};
		C4F3F19C2209CCB700E64489 /* ViewModels */ = {
			isa = PBXGroup;
			children = (
				C4F3F19D2209CCDC00E64489 /* StartViewModel.swift */,
				C4F3F19F2209CCF500E64489 /* RecoverPasswordViewModel.swift */,
				C4F3F1A12209CD2400E64489 /* SingUpViewModel.swift */,
				C4F3F1A32209CD5200E64489 /* OrdersViewModel.swift */,
				C4F3F1A52209CD5F00E64489 /* SupportViewModel.swift */,
				C4F3F1A72209CD6900E64489 /* BalanceViewModel.swift */,
				C4F3F1A92209CD7600E64489 /* TransactionViewModel.swift */,
				C4F3F1AB2209CD8400E64489 /* MenuViewModel.swift */,
			);
			name = ViewModels;
			sourceTree = "<group>";
		};
		C4F3F1BC2209D4C800E64489 /* Services */ = {
			isa = PBXGroup;
			children = (
				C4F3F1B72209D1CB00E64489 /* NetWorker.swift */,
				C4F3F20E220B0A8600E64489 /* AlertBuilder.swift */,
				C420AEC821948E8500E292E3 /* HTTPConnector.swift */,
				C4F3F1AE2209D00600E64489 /* JSONWorker.swift */,
			);
			name = Services;
			sourceTree = "<group>";
		};
		C4F3F1F12209D52B00E64489 /* Roboto */ = {
			isa = PBXGroup;
			children = (
				C4F3F1FE2209D56200E64489 /* Apache License.txt */,
				C4F3F1F62209D55300E64489 /* Roboto-Black.ttf */,
				C4F3F1FC2209D55400E64489 /* Roboto-BlackItalic.ttf */,
				C4F3F1F42209D55300E64489 /* Roboto-Bold.ttf */,
				C4F3F1F72209D55300E64489 /* Roboto-BoldItalic.ttf */,
				C4F3F1F52209D55300E64489 /* Roboto-Italic.ttf */,
				C4F3F1F32209D55300E64489 /* Roboto-Light.ttf */,
				C4F3F1FD2209D55400E64489 /* Roboto-LightItalic.ttf */,
				C4F3F1F82209D55400E64489 /* Roboto-Medium.ttf */,
				C4F3F1F22209D55300E64489 /* Roboto-MediumItalic.ttf */,
				C4F3F1F92209D55400E64489 /* Roboto-Regular.ttf */,
				C4F3F1FA2209D55400E64489 /* Roboto-Thin.ttf */,
				C4F3F1FB2209D55400E64489 /* Roboto-ThinItalic.ttf */,
			);
			name = Roboto;
			path = SapsanApp;
			sourceTree = SOURCE_ROOT;
		};
		D65492943D87A483029CBF72 /* Pods */ = {
			isa = PBXGroup;
			children = (
				1DDDB39D75A6923FD7394567 /* Pods-SapsanApp.debug.xcconfig */,
				4BB4B5068D8AF2C1C705AF9D /* Pods-SapsanApp.release.xcconfig */,
			);
			name = Pods;
			sourceTree = "<group>";
		};
/* End PBXGroup section */

/* Begin PBXNativeTarget section */
		C4C4A06321871CAC0026AA37 /* SapsanApp */ = {
			isa = PBXNativeTarget;
			buildConfigurationList = C4C4A07921871CAF0026AA37 /* Build configuration list for PBXNativeTarget "SapsanApp" */;
			buildPhases = (
				5FCCE3C4C580930F6C48E106 /* [CP] Check Pods Manifest.lock */,
				C4C4A06021871CAC0026AA37 /* Sources */,
				C4C4A06121871CAC0026AA37 /* Frameworks */,
				C4C4A06221871CAC0026AA37 /* Resources */,
				695600BCFBB04C847CA22E95 /* [CP] Embed Pods Frameworks */,
			);
			buildRules = (
			);
			dependencies = (
			);
			name = SapsanApp;
			productName = SapsanApp;
			productReference = C4C4A06421871CAC0026AA37 /* SapsanApp.app */;
			productType = "com.apple.product-type.application";
		};
/* End PBXNativeTarget section */

/* Begin PBXProject section */
		C4C4A05C21871CAC0026AA37 /* Project object */ = {
			isa = PBXProject;
			attributes = {
				LastSwiftUpdateCheck = 1000;
				LastUpgradeCheck = 1000;
				ORGANIZATIONNAME = Sapsan;
				TargetAttributes = {
					C4C4A06321871CAC0026AA37 = {
						CreatedOnToolsVersion = 10.0;
					};
				};
			};
			buildConfigurationList = C4C4A05F21871CAC0026AA37 /* Build configuration list for PBXProject "SapsanApp" */;
			compatibilityVersion = "Xcode 9.3";
			developmentRegion = en;
			hasScannedForEncodings = 0;
			knownRegions = (
				en,
				Base,
			);
			mainGroup = C4C4A05B21871CAC0026AA37;
			productRefGroup = C4C4A06521871CAC0026AA37 /* Products */;
			projectDirPath = "";
			projectRoot = "";
			targets = (
				C4C4A06321871CAC0026AA37 /* SapsanApp */,
			);
		};
/* End PBXProject section */

/* Begin PBXResourcesBuildPhase section */
		C4C4A06221871CAC0026AA37 /* Resources */ = {
			isa = PBXResourcesBuildPhase;
			buildActionMask = 2147483647;
			files = (
				C4F3F2022209D69000E64489 /* Roboto-Bold.ttf in Resources */,
				C4F3F2062209D69000E64489 /* Roboto-LightItalic.ttf in Resources */,
				C4F3F2082209D69000E64489 /* Roboto-MediumItalic.ttf in Resources */,
				C4F3F2042209D69000E64489 /* Roboto-Italic.ttf in Resources */,
				C4F3F2052209D69000E64489 /* Roboto-Light.ttf in Resources */,
				C4C4A07521871CAF0026AA37 /* LaunchScreen.storyboard in Resources */,
				C4F3F2032209D69000E64489 /* Roboto-BoldItalic.ttf in Resources */,
				C4F3F2012209D69000E64489 /* Roboto-BlackItalic.ttf in Resources */,
				C4F3F20A2209D69000E64489 /* Roboto-Thin.ttf in Resources */,
				C4F3F2092209D69000E64489 /* Roboto-Regular.ttf in Resources */,
				C4F3F1FF2209D56200E64489 /* Apache License.txt in Resources */,
				C4F3F2072209D69000E64489 /* Roboto-Medium.ttf in Resources */,
				C4F3F20B2209D69000E64489 /* Roboto-ThinItalic.ttf in Resources */,
				C4F3F2002209D68B00E64489 /* Roboto-Black.ttf in Resources */,
				C4C4A07221871CAF0026AA37 /* Assets.xcassets in Resources */,
				C4C4A06D21871CAC0026AA37 /* Main.storyboard in Resources */,
			);
			runOnlyForDeploymentPostprocessing = 0;
		};
/* End PBXResourcesBuildPhase section */

/* Begin PBXShellScriptBuildPhase section */
		5FCCE3C4C580930F6C48E106 /* [CP] Check Pods Manifest.lock */ = {
			isa = PBXShellScriptBuildPhase;
			buildActionMask = 2147483647;
			files = (
			);
			inputFileListPaths = (
			);
			inputPaths = (
				"${PODS_PODFILE_DIR_PATH}/Podfile.lock",
				"${PODS_ROOT}/Manifest.lock",
			);
			name = "[CP] Check Pods Manifest.lock";
			outputFileListPaths = (
			);
			outputPaths = (
				"$(DERIVED_FILE_DIR)/Pods-SapsanApp-checkManifestLockResult.txt",
			);
			runOnlyForDeploymentPostprocessing = 0;
			shellPath = /bin/sh;
			shellScript = "diff \"${PODS_PODFILE_DIR_PATH}/Podfile.lock\" \"${PODS_ROOT}/Manifest.lock\" > /dev/null\nif [ $? != 0 ] ; then\n    # print error to STDERR\n    echo \"error: The sandbox is not in sync with the Podfile.lock. Run 'pod install' or update your CocoaPods installation.\" >&2\n    exit 1\nfi\n# This output is used by Xcode 'outputs' to avoid re-running this script phase.\necho \"SUCCESS\" > \"${SCRIPT_OUTPUT_FILE_0}\"\n";
			showEnvVarsInLog = 0;
		};
		695600BCFBB04C847CA22E95 /* [CP] Embed Pods Frameworks */ = {
			isa = PBXShellScriptBuildPhase;
			buildActionMask = 2147483647;
			files = (
			);
			inputFileListPaths = (
			);
			inputPaths = (
				"${SRCROOT}/Pods/Target Support Files/Pods-SapsanApp/Pods-SapsanApp-frameworks.sh",
				"${BUILT_PRODUCTS_DIR}/AKMaskField/AKMaskField.framework",
			);
			name = "[CP] Embed Pods Frameworks";
			outputFileListPaths = (
			);
			outputPaths = (
				"${TARGET_BUILD_DIR}/${FRAMEWORKS_FOLDER_PATH}/AKMaskField.framework",
			);
			runOnlyForDeploymentPostprocessing = 0;
			shellPath = /bin/sh;
			shellScript = "\"${SRCROOT}/Pods/Target Support Files/Pods-SapsanApp/Pods-SapsanApp-frameworks.sh\"\n";
			showEnvVarsInLog = 0;
		};
/* End PBXShellScriptBuildPhase section */

/* Begin PBXSourcesBuildPhase section */
		C4C4A06021871CAC0026AA37 /* Sources */ = {
			isa = PBXSourcesBuildPhase;
			buildActionMask = 2147483647;
			files = (
				C4C4A0852187280D0026AA37 /* SignUpViewController.swift in Sources */,
				C4F3F19E2209CCDC00E64489 /* StartViewModel.swift in Sources */,
				C4DBABA021883B1300A6BF05 /* MenuTableViewCell.swift in Sources */,
				C4F3F1AC2209CD8400E64489 /* MenuViewModel.swift in Sources */,
				C4F3F1A02209CCF500E64489 /* RecoverPasswordViewModel.swift in Sources */,
				C4C4A07D218727830026AA37 /* StartViewController.swift in Sources */,
				C4F3F1A42209CD5200E64489 /* OrdersViewModel.swift in Sources */,
				C4DBABA221883B2400A6BF05 /* MenuViewController.swift in Sources */,
				C4F3F1A82209CD6900E64489 /* BalanceViewModel.swift in Sources */,
				C44559AF21AABF8600018EA7 /* TransactionTableViewCell.swift in Sources */,
				C420AEC921948E8500E292E3 /* HTTPConnector.swift in Sources */,
				C4DB32A3218D998A00636C1C /* SupportViewController.swift in Sources */,
				C4F3F20F220B0A8600E64489 /* AlertBuilder.swift in Sources */,
				C4F3F1A22209CD2400E64489 /* SingUpViewModel.swift in Sources */,
				C412A72621ABECD600708873 /* BalanceViewController.swift in Sources */,
				C4F3F1B82209D1CB00E64489 /* NetWorker.swift in Sources */,
				C4F3F1B42209D09100E64489 /* LoginData.swift in Sources */,
				C4DBABA621897A9800A6BF05 /* OrderTableViewCell.swift in Sources */,
				C4DBABA421884B7200A6BF05 /* TransactionViewController.swift in Sources */,
				C4C4A07F2187278D0026AA37 /* LoginViewController.swift in Sources */,
				C4DB32A1218D980100636C1C /* Menu.swift in Sources */,
				C4C4A087218728620026AA37 /* RecoverPasswordViewController.swift in Sources */,
				C4F3F1A62209CD5F00E64489 /* SupportViewModel.swift in Sources */,
				C4F3F1B12209D04800E64489 /* OrdersData.swift in Sources */,
				C4C4A06821871CAC0026AA37 /* AppDelegate.swift in Sources */,
				C4C4A083218727C10026AA37 /* OrdersViewController.swift in Sources */,
				C4F3F1AA2209CD7600E64489 /* TransactionViewModel.swift in Sources */,
				C4F3F1AF2209D00600E64489 /* JSONWorker.swift in Sources */,
			);
			runOnlyForDeploymentPostprocessing = 0;
		};
/* End PBXSourcesBuildPhase section */

/* Begin PBXVariantGroup section */
		C4C4A06B21871CAC0026AA37 /* Main.storyboard */ = {
			isa = PBXVariantGroup;
			children = (
				C4C4A06C21871CAC0026AA37 /* Base */,
			);
			name = Main.storyboard;
			sourceTree = "<group>";
		};
		C4C4A07321871CAF0026AA37 /* LaunchScreen.storyboard */ = {
			isa = PBXVariantGroup;
			children = (
				C4C4A07421871CAF0026AA37 /* Base */,
			);
			name = LaunchScreen.storyboard;
			sourceTree = "<group>";
		};
/* End PBXVariantGroup section */

/* Begin XCBuildConfiguration section */
		C4C4A07721871CAF0026AA37 /* Debug */ = {
			isa = XCBuildConfiguration;
			buildSettings = {
				ALWAYS_SEARCH_USER_PATHS = NO;
				CLANG_ANALYZER_NONNULL = YES;
				CLANG_ANALYZER_NUMBER_OBJECT_CONVERSION = YES_AGGRESSIVE;
				CLANG_CXX_LANGUAGE_STANDARD = "gnu++14";
				CLANG_CXX_LIBRARY = "libc++";
				CLANG_ENABLE_MODULES = YES;
				CLANG_ENABLE_OBJC_ARC = YES;
				CLANG_ENABLE_OBJC_WEAK = YES;
				CLANG_WARN_BLOCK_CAPTURE_AUTORELEASING = YES;
				CLANG_WARN_BOOL_CONVERSION = YES;
				CLANG_WARN_COMMA = YES;
				CLANG_WARN_CONSTANT_CONVERSION = YES;
				CLANG_WARN_DEPRECATED_OBJC_IMPLEMENTATIONS = YES;
				CLANG_WARN_DIRECT_OBJC_ISA_USAGE = YES_ERROR;
				CLANG_WARN_DOCUMENTATION_COMMENTS = YES;
				CLANG_WARN_EMPTY_BODY = YES;
				CLANG_WARN_ENUM_CONVERSION = YES;
				CLANG_WARN_INFINITE_RECURSION = YES;
				CLANG_WARN_INT_CONVERSION = YES;
				CLANG_WARN_NON_LITERAL_NULL_CONVERSION = YES;
				CLANG_WARN_OBJC_IMPLICIT_RETAIN_SELF = YES;
				CLANG_WARN_OBJC_LITERAL_CONVERSION = YES;
				CLANG_WARN_OBJC_ROOT_CLASS = YES_ERROR;
				CLANG_WARN_RANGE_LOOP_ANALYSIS = YES;
				CLANG_WARN_STRICT_PROTOTYPES = YES;
				CLANG_WARN_SUSPICIOUS_MOVE = YES;
				CLANG_WARN_UNGUARDED_AVAILABILITY = YES_AGGRESSIVE;
				CLANG_WARN_UNREACHABLE_CODE = YES;
				CLANG_WARN__DUPLICATE_METHOD_MATCH = YES;
				CODE_SIGN_IDENTITY = "iPhone Developer";
				COPY_PHASE_STRIP = NO;
				DEBUG_INFORMATION_FORMAT = dwarf;
				ENABLE_STRICT_OBJC_MSGSEND = YES;
				ENABLE_TESTABILITY = YES;
				GCC_C_LANGUAGE_STANDARD = gnu11;
				GCC_DYNAMIC_NO_PIC = NO;
				GCC_NO_COMMON_BLOCKS = YES;
				GCC_OPTIMIZATION_LEVEL = 0;
				GCC_PREPROCESSOR_DEFINITIONS = (
					"DEBUG=1",
					"$(inherited)",
				);
				GCC_WARN_64_TO_32_BIT_CONVERSION = YES;
				GCC_WARN_ABOUT_RETURN_TYPE = YES_ERROR;
				GCC_WARN_UNDECLARED_SELECTOR = YES;
				GCC_WARN_UNINITIALIZED_AUTOS = YES_AGGRESSIVE;
				GCC_WARN_UNUSED_FUNCTION = YES;
				GCC_WARN_UNUSED_VARIABLE = YES;
				IPHONEOS_DEPLOYMENT_TARGET = 12.0;
				MTL_ENABLE_DEBUG_INFO = INCLUDE_SOURCE;
				MTL_FAST_MATH = YES;
				ONLY_ACTIVE_ARCH = YES;
				SDKROOT = iphoneos;
				SWIFT_ACTIVE_COMPILATION_CONDITIONS = DEBUG;
				SWIFT_OPTIMIZATION_LEVEL = "-Onone";
			};
			name = Debug;
		};
		C4C4A07821871CAF0026AA37 /* Release */ = {
			isa = XCBuildConfiguration;
			buildSettings = {
				ALWAYS_SEARCH_USER_PATHS = NO;
				CLANG_ANALYZER_NONNULL = YES;
				CLANG_ANALYZER_NUMBER_OBJECT_CONVERSION = YES_AGGRESSIVE;
				CLANG_CXX_LANGUAGE_STANDARD = "gnu++14";
				CLANG_CXX_LIBRARY = "libc++";
				CLANG_ENABLE_MODULES = YES;
				CLANG_ENABLE_OBJC_ARC = YES;
				CLANG_ENABLE_OBJC_WEAK = YES;
				CLANG_WARN_BLOCK_CAPTURE_AUTORELEASING = YES;
				CLANG_WARN_BOOL_CONVERSION = YES;
				CLANG_WARN_COMMA = YES;
				CLANG_WARN_CONSTANT_CONVERSION = YES;
				CLANG_WARN_DEPRECATED_OBJC_IMPLEMENTATIONS = YES;
				CLANG_WARN_DIRECT_OBJC_ISA_USAGE = YES_ERROR;
				CLANG_WARN_DOCUMENTATION_COMMENTS = YES;
				CLANG_WARN_EMPTY_BODY = YES;
				CLANG_WARN_ENUM_CONVERSION = YES;
				CLANG_WARN_INFINITE_RECURSION = YES;
				CLANG_WARN_INT_CONVERSION = YES;
				CLANG_WARN_NON_LITERAL_NULL_CONVERSION = YES;
				CLANG_WARN_OBJC_IMPLICIT_RETAIN_SELF = YES;
				CLANG_WARN_OBJC_LITERAL_CONVERSION = YES;
				CLANG_WARN_OBJC_ROOT_CLASS = YES_ERROR;
				CLANG_WARN_RANGE_LOOP_ANALYSIS = YES;
				CLANG_WARN_STRICT_PROTOTYPES = YES;
				CLANG_WARN_SUSPICIOUS_MOVE = YES;
				CLANG_WARN_UNGUARDED_AVAILABILITY = YES_AGGRESSIVE;
				CLANG_WARN_UNREACHABLE_CODE = YES;
				CLANG_WARN__DUPLICATE_METHOD_MATCH = YES;
				CODE_SIGN_IDENTITY = "iPhone Developer";
				COPY_PHASE_STRIP = NO;
				DEBUG_INFORMATION_FORMAT = "dwarf-with-dsym";
				ENABLE_NS_ASSERTIONS = NO;
				ENABLE_STRICT_OBJC_MSGSEND = YES;
				GCC_C_LANGUAGE_STANDARD = gnu11;
				GCC_NO_COMMON_BLOCKS = YES;
				GCC_WARN_64_TO_32_BIT_CONVERSION = YES;
				GCC_WARN_ABOUT_RETURN_TYPE = YES_ERROR;
				GCC_WARN_UNDECLARED_SELECTOR = YES;
				GCC_WARN_UNINITIALIZED_AUTOS = YES_AGGRESSIVE;
				GCC_WARN_UNUSED_FUNCTION = YES;
				GCC_WARN_UNUSED_VARIABLE = YES;
				IPHONEOS_DEPLOYMENT_TARGET = 12.0;
				MTL_ENABLE_DEBUG_INFO = NO;
				MTL_FAST_MATH = YES;
				SDKROOT = iphoneos;
				SWIFT_COMPILATION_MODE = wholemodule;
				SWIFT_OPTIMIZATION_LEVEL = "-O";
				VALIDATE_PRODUCT = YES;
			};
			name = Release;
		};
		C4C4A07A21871CAF0026AA37 /* Debug */ = {
			isa = XCBuildConfiguration;
			baseConfigurationReference = 1DDDB39D75A6923FD7394567 /* Pods-SapsanApp.debug.xcconfig */;
			buildSettings = {
				ASSETCATALOG_COMPILER_APPICON_NAME = AppIcon;
				CODE_SIGN_IDENTITY = "iPhone Developer";
				CODE_SIGN_STYLE = Automatic;
				DEVELOPMENT_TEAM = J3ECZ9NK5T;
				INFOPLIST_FILE = SapsanApp/Info.plist;
				LD_RUNPATH_SEARCH_PATHS = (
					"$(inherited)",
					"@executable_path/Frameworks",
				);
				PRODUCT_BUNDLE_IDENTIFIER = com.SapsanClientApp;
				PRODUCT_NAME = "$(TARGET_NAME)";
				PROVISIONING_PROFILE_SPECIFIER = "";
				SWIFT_VERSION = 4.2;
				TARGETED_DEVICE_FAMILY = "1,2";
			};
			name = Debug;
		};
		C4C4A07B21871CAF0026AA37 /* Release */ = {
			isa = XCBuildConfiguration;
			baseConfigurationReference = 4BB4B5068D8AF2C1C705AF9D /* Pods-SapsanApp.release.xcconfig */;
			buildSettings = {
				ASSETCATALOG_COMPILER_APPICON_NAME = AppIcon;
				CODE_SIGN_IDENTITY = "iPhone Developer";
				CODE_SIGN_STYLE = Automatic;
				DEVELOPMENT_TEAM = J3ECZ9NK5T;
				INFOPLIST_FILE = SapsanApp/Info.plist;
				LD_RUNPATH_SEARCH_PATHS = (
					"$(inherited)",
					"@executable_path/Frameworks",
				);
				PRODUCT_BUNDLE_IDENTIFIER = com.SapsanClientApp;
				PRODUCT_NAME = "$(TARGET_NAME)";
				PROVISIONING_PROFILE_SPECIFIER = "";
				SWIFT_VERSION = 4.2;
				TARGETED_DEVICE_FAMILY = "1,2";
			};
			name = Release;
		};
/* End XCBuildConfiguration section */

/* Begin XCConfigurationList section */
		C4C4A05F21871CAC0026AA37 /* Build configuration list for PBXProject "SapsanApp" */ = {
			isa = XCConfigurationList;
			buildConfigurations = (
				C4C4A07721871CAF0026AA37 /* Debug */,
				C4C4A07821871CAF0026AA37 /* Release */,
			);
			defaultConfigurationIsVisible = 0;
			defaultConfigurationName = Release;
		};
		C4C4A07921871CAF0026AA37 /* Build configuration list for PBXNativeTarget "SapsanApp" */ = {
			isa = XCConfigurationList;
			buildConfigurations = (
				C4C4A07A21871CAF0026AA37 /* Debug */,
				C4C4A07B21871CAF0026AA37 /* Release */,
			);
			defaultConfigurationIsVisible = 0;
			defaultConfigurationName = Release;
		};
/* End XCConfigurationList section */
	};
	rootObject = C4C4A05C21871CAC0026AA37 /* Project object */;
}
